
Microsoft Visual Studio Solution File, Format Version 12.00
# Visual Studio 15
VisualStudioVersion = 15.0.28307.1585
MinimumVisualStudioVersion = 10.0.40219.1
Project("{FAE04EC0-301F-11D3-BF4B-00C04F79EFBC}") = "ConsoleApp1", "ConsoleApp1\ConsoleApp1.csproj", "{69E1E5F6-E835-4AC1-8DF0-37BF0E38175A}"
EndProject
Global
	GlobalSection(SolutionConfigurationPlatforms) = preSolution
		Debug|Any CPU = Debug|Any CPU
		Release|Any CPU = Release|Any CPU
	EndGlobalSection
	GlobalSection(ProjectConfigurationPlatforms) = postSolution
		{69E1E5F6-E835-4AC1-8DF0-37BF0E38175A}.Debug|Any CPU.ActiveCfg = Debug|Any CPU
		{69E1E5F6-E835-4AC1-8DF0-37BF0E38175A}.Debug|Any CPU.Build.0 = Debug|Any CPU
		{69E1E5F6-E835-4AC1-8DF0-37BF0E38175A}.Release|Any CPU.ActiveCfg = Release|Any CPU
		{69E1E5F6-E835-4AC1-8DF0-37BF0E38175A}.Release|Any CPU.Build.0 = Release|Any CPU
	EndGlobalSection
	GlobalSection(SolutionProperties) = preSolution
		HideSolutionNode = FALSE
	EndGlobalSection
	GlobalSection(ExtensibilityGlobals) = postSolution
		SolutionGuid = {D2360ADF-CD61-4FA5-A5FE-6CA470BC0FE8}
	EndGlobalSection
EndGlobal
